
Microsoft Visual Studio Solution File, Format Version 12.00
# Visual Studio Version 17
VisualStudioVersion = 17.7.34221.43
MinimumVisualStudioVersion = 10.0.40219.1
Project("{9A19103F-16F7-4668-BE54-9A1E7A4F7556}") = "GSheetTelegramBot.DataLayer", "GSheetTelegramBot.DataLayer\GSheetTelegramBot.DataLayer.csproj", "{4BEA8970-B697-4938-824F-34E2DC8D5949}"
EndProject
Project("{9A19103F-16F7-4668-BE54-9A1E7A4F7556}") = "GSheetTelegramBot.Web", "GSheetTelegramBot.Web\GSheetTelegramBot.Web.csproj", "{1C6F84F9-B5E6-4F7B-B6E6-306E775968CC}"
EndProject
Project("{E53339B2-1760-4266-BCC7-CA923CBCF16C}") = "docker-compose", "docker-compose.dcproj", "{F2B6F174-318D-4C81-AAC9-25309AD292F9}"
EndProject
Global
	GlobalSection(SolutionConfigurationPlatforms) = preSolution
		Debug|Any CPU = Debug|Any CPU
		Release|Any CPU = Release|Any CPU
	EndGlobalSection
	GlobalSection(ProjectConfigurationPlatforms) = postSolution
		{4BEA8970-B697-4938-824F-34E2DC8D5949}.Debug|Any CPU.ActiveCfg = Debug|Any CPU
		{4BEA8970-B697-4938-824F-34E2DC8D5949}.Debug|Any CPU.Build.0 = Debug|Any CPU
		{4BEA8970-B697-4938-824F-34E2DC8D5949}.Release|Any CPU.ActiveCfg = Release|Any CPU
		{4BEA8970-B697-4938-824F-34E2DC8D5949}.Release|Any CPU.Build.0 = Release|Any CPU
		{1C6F84F9-B5E6-4F7B-B6E6-306E775968CC}.Debug|Any CPU.ActiveCfg = Debug|Any CPU
		{1C6F84F9-B5E6-4F7B-B6E6-306E775968CC}.Debug|Any CPU.Build.0 = Debug|Any CPU
		{1C6F84F9-B5E6-4F7B-B6E6-306E775968CC}.Release|Any CPU.ActiveCfg = Release|Any CPU
		{1C6F84F9-B5E6-4F7B-B6E6-306E775968CC}.Release|Any CPU.Build.0 = Release|Any CPU
		{F2B6F174-318D-4C81-AAC9-25309AD292F9}.Debug|Any CPU.ActiveCfg = Debug|Any CPU
		{F2B6F174-318D-4C81-AAC9-25309AD292F9}.Debug|Any CPU.Build.0 = Debug|Any CPU
		{F2B6F174-318D-4C81-AAC9-25309AD292F9}.Release|Any CPU.ActiveCfg = Release|Any CPU
		{F2B6F174-318D-4C81-AAC9-25309AD292F9}.Release|Any CPU.Build.0 = Release|Any CPU
	EndGlobalSection
	GlobalSection(SolutionProperties) = preSolution
		HideSolutionNode = FALSE
	EndGlobalSection
	GlobalSection(ExtensibilityGlobals) = postSolution
		SolutionGuid = {7EA4FD6A-2592-4488-804F-0B6B18084278}
	EndGlobalSection
EndGlobal
